
Microsoft Visual Studio Solution File, Format Version 12.00
# Visual Studio Version 17
VisualStudioVersion = 17.7.34024.191
MinimumVisualStudioVersion = 10.0.40219.1
Project("{FAE04EC0-301F-11D3-BF4B-00C04F79EFBC}") = "BehaviorDrivenDevelopment.Tests.Behavior", "BehaviorDrivenDevelopment.Tests.Behavior\BehaviorDrivenDevelopment.Tests.Behavior.csproj", "{756E7673-D29F-426B-81C8-DE37AD7C9B5D}"
EndProject
Global
	GlobalSection(SolutionConfigurationPlatforms) = preSolution
		Debug|Any CPU = Debug|Any CPU
		Release|Any CPU = Release|Any CPU
	EndGlobalSection
	GlobalSection(ProjectConfigurationPlatforms) = postSolution
		{756E7673-D29F-426B-81C8-DE37AD7C9B5D}.Debug|Any CPU.ActiveCfg = Debug|Any CPU
		{756E7673-D29F-426B-81C8-DE37AD7C9B5D}.Debug|Any CPU.Build.0 = Debug|Any CPU
		{756E7673-D29F-426B-81C8-DE37AD7C9B5D}.Release|Any CPU.ActiveCfg = Release|Any CPU
		{756E7673-D29F-426B-81C8-DE37AD7C9B5D}.Release|Any CPU.Build.0 = Release|Any CPU
	EndGlobalSection
	GlobalSection(SolutionProperties) = preSolution
		HideSolutionNode = FALSE
	EndGlobalSection
	GlobalSection(ExtensibilityGlobals) = postSolution
		SolutionGuid = {55AC0645-59E5-4AA8-8299-9779342BB846}
	EndGlobalSection
EndGlobal
